
Microsoft Visual Studio Solution File, Format Version 12.00
# Visual Studio Version 17
VisualStudioVersion = 17.14.37111.16
MinimumVisualStudioVersion = 10.0.40219.1
Project("{FAE04EC0-301F-11D3-BF4B-00C04F79EFBC}") = "AppProject.Utils", "AppProject.Utils\AppProject.Utils.csproj", "{FD9AF26B-BB75-46D7-9DE5-67B8F0759C3A}"
EndProject
Project("{2150E333-8FDC-42A3-9474-1A3956D46DE8}") = "0 - Global", "0 - Global", "{02EA681E-C7D8-13C7-8484-4AC65E1B71E8}"
EndProject
Project("{FAE04EC0-301F-11D3-BF4B-00C04F79EFBC}") = "AppProject.Exceptions", "AppProject.Exceptions\AppProject.Exceptions.csproj", "{5281E4AA-DC1D-48E0-83E0-2764070BA391}"
EndProject
Project("{FAE04EC0-301F-11D3-BF4B-00C04F79EFBC}") = "AppProject.Models", "AppProject.Models\AppProject.Models.csproj", "{4C906FE3-7DAD-4887-A7B9-B72F9F1EB4E4}"
EndProject
Project("{FAE04EC0-301F-11D3-BF4B-00C04F79EFBC}") = "AppProject.Resources", "AppProject.Resources\AppProject.Resources.csproj", "{155B3096-4804-4E35-B01D-834C7DA28480}"
EndProject
Project("{2150E333-8FDC-42A3-9474-1A3956D46DE8}") = "1 - Backend", "1 - Backend", "{864FA5E9-3F47-477E-B36B-CDB283BC2064}"
EndProject
Project("{2150E333-8FDC-42A3-9474-1A3956D46DE8}") = "2 - Frontend", "2 - Frontend", "{1BD1E4CB-1C6D-4326-B700-1E3516926C38}"
EndProject
Project("{2150E333-8FDC-42A3-9474-1A3956D46DE8}") = "3 - Tests", "3 - Tests", "{A75B10E3-874F-4DB1-BBA1-0D682C8B3583}"
EndProject
Project("{2150E333-8FDC-42A3-9474-1A3956D46DE8}") = "1.0 - Models", "1.0 - Models", "{D362F85F-F696-47EC-B402-FFE05FB3CC85}"
EndProject
Project("{2150E333-8FDC-42A3-9474-1A3956D46DE8}") = "1.1 Contracts", "1.1 Contracts", "{36F549EE-715A-4605-80EB-8005D1B136BA}"
EndProject
Project("{2150E333-8FDC-42A3-9474-1A3956D46DE8}") = "1.2 - Infra", "1.2 - Infra", "{B4F2E49D-94F4-4418-9A17-5888D6520DDC}"
EndProject
Project("{2150E333-8FDC-42A3-9474-1A3956D46DE8}") = "1.3 - Services", "1.3 - Services", "{F7648B66-6BED-459F-956B-FC94E3990CD8}"
EndProject
Project("{2150E333-8FDC-42A3-9474-1A3956D46DE8}") = "1.4 - Api", "1.4 - Api", "{A3530CA9-7E71-4AAF-ADA2-9AC1883D5D21}"
EndProject
Project("{FAE04EC0-301F-11D3-BF4B-00C04F79EFBC}") = "AppProject.Core.Models", "AppProject.Core.Models\AppProject.Core.Models.csproj", "{04402D22-36B0-4148-97DC-4F5279C87365}"
EndProject
Project("{FAE04EC0-301F-11D3-BF4B-00C04F79EFBC}") = "AppProject.Core.Models.General", "AppProject.Core.Models.General\AppProject.Core.Models.General.csproj", "{590946FB-11DE-4875-956C-4A82F7C94CD0}"
EndProject
Project("{FAE04EC0-301F-11D3-BF4B-00C04F79EFBC}") = "AppProject.Core.Contracts", "AppProject.Core.Contracts\AppProject.Core.Contracts.csproj", "{1ADEA11E-66C3-4F61-9586-68941406CCAC}"
EndProject
Project("{FAE04EC0-301F-11D3-BF4B-00C04F79EFBC}") = "AppProject.Core.Infrastructure.Database", "AppProject.Core.Infrastructure.Database\AppProject.Core.Infrastructure.Database.csproj", "{5CEE22CC-038C-48B9-AB41-17B96532AB58}"
EndProject
Project("{FAE04EC0-301F-11D3-BF4B-00C04F79EFBC}") = "AppProject.Core.Infrastructure.Email", "AppProject.Core.Infrastructure.Email\AppProject.Core.Infrastructure.Email.csproj", "{92221785-D25D-455F-BD58-ADB281870FBD}"
EndProject
Project("{FAE04EC0-301F-11D3-BF4B-00C04F79EFBC}") = "AppProject.Core.Infrastructure.Jobs", "AppProject.Core.Infrastructure.Jobs\AppProject.Core.Infrastructure.Jobs.csproj", "{F94A2CF7-0FEF-47D2-B113-F96AE6F65776}"
EndProject
Project("{FAE04EC0-301F-11D3-BF4B-00C04F79EFBC}") = "AppProject.Core.Api", "AppProject.Core.Api\AppProject.Core.Api.csproj", "{77F460FD-FB2A-4BF1-BFD8-88368D81CB4E}"
EndProject
Project("{FAE04EC0-301F-11D3-BF4B-00C04F79EFBC}") = "AppProject.Core.Services", "AppProject.Core.Services\AppProject.Core.Services.csproj", "{1BF26140-1794-40AB-8236-CFBB6FD0471A}"
EndProject
Project("{FAE04EC0-301F-11D3-BF4B-00C04F79EFBC}") = "AppProject.Core.Services.General", "AppProject.Core.Services.General\AppProject.Core.Services.General.csproj", "{7BEDE7DD-859A-4FAC-8ADC-51434DE37290}"
EndProject
Project("{FAE04EC0-301F-11D3-BF4B-00C04F79EFBC}") = "AppProject.Core.Controllers.General", "AppProject.Core.Controllers.General\AppProject.Core.Controllers.General.csproj", "{63E4F108-AF7D-4409-A62A-D6025ED878E7}"
EndProject
Project("{2150E333-8FDC-42A3-9474-1A3956D46DE8}") = "2.0 - Models", "2.0 - Models", "{B74EBBEB-DAF4-4C4C-BA3A-580FA13E0F6A}"
EndProject
Project("{2150E333-8FDC-42A3-9474-1A3956D46DE8}") = "2.1 - Api Client", "2.1 - Api Client", "{FE2B4ED5-2A05-4C11-84DF-B32F2ECE4A69}"
EndProject
Project("{2150E333-8FDC-42A3-9474-1A3956D46DE8}") = "2.2 - Framework", "2.2 - Framework", "{DDDC4DE0-E3FE-4013-A91F-99CD996CFC3E}"
EndProject
Project("{2150E333-8FDC-42A3-9474-1A3956D46DE8}") = "2.3 - Views", "2.3 - Views", "{B06C2726-F12E-4B49-9EB2-3402B6A9E98F}"
EndProject
Project("{FAE04EC0-301F-11D3-BF4B-00C04F79EFBC}") = "AppProject.Web.Models", "AppProject.Web.Models\AppProject.Web.Models.csproj", "{352636EE-DECB-4DD9-8B55-0BF6F305487F}"
EndProject
Project("{FAE04EC0-301F-11D3-BF4B-00C04F79EFBC}") = "AppProject.Web.Models.General", "AppProject.Web.Models.General\AppProject.Web.Models.General.csproj", "{E92BC581-D68E-4BCF-BDC8-4529F753EDA8}"
EndProject
Project("{FAE04EC0-301F-11D3-BF4B-00C04F79EFBC}") = "AppProject.Web.ApiClient", "AppProject.Web.ApiClient\AppProject.Web.ApiClient.csproj", "{639A5031-5971-4C11-8E73-C8BA72B0BEC8}"
EndProject
Project("{FAE04EC0-301F-11D3-BF4B-00C04F79EFBC}") = "AppProject.Web.ApiClient.General", "AppProject.Web.ApiClient.General\AppProject.Web.ApiClient.General.csproj", "{561C6E9D-D45D-46F3-BC8F-03B77A5C8DAD}"
EndProject
Project("{FAE04EC0-301F-11D3-BF4B-00C04F79EFBC}") = "AppProject.Web.Framework", "AppProject.Web.Framework\AppProject.Web.Framework.csproj", "{7C564613-69B8-42D6-A9D4-EF709B4A74D7}"
EndProject
Project("{FAE04EC0-301F-11D3-BF4B-00C04F79EFBC}") = "AppProject.Web", "AppProject.Web\AppProject.Web.csproj", "{8697E03D-40F1-455A-8080-A382B0F45046}"
EndProject
Project("{FAE04EC0-301F-11D3-BF4B-00C04F79EFBC}") = "AppProject.Web.General", "AppProject.Web.General\AppProject.Web.General.csproj", "{889609E5-4327-42EE-A20C-509492D1B870}"
EndProject
Project("{FAE04EC0-301F-11D3-BF4B-00C04F79EFBC}") = "AppProject.Web.Shared", "AppProject.Web.Shared\AppProject.Web.Shared.csproj", "{F45A20CB-C60A-415A-A748-01133ECEB05B}"
EndProject
Project("{FAE04EC0-301F-11D3-BF4B-00C04F79EFBC}") = "AppProject.Core.Tests", "AppProject.Core.Tests\AppProject.Core.Tests.csproj", "{7BE63715-F547-4AF9-B1B5-5427AEE8BFA7}"
EndProject
Project("{FAE04EC0-301F-11D3-BF4B-00C04F79EFBC}") = "AppProject.Core.Tests.General", "AppProject.Core.Tests.General\AppProject.Core.Tests.General.csproj", "{A03E9F17-EA56-43C6-B3AE-BB02A0FDA2C5}"
EndProject
Project("{FAE04EC0-301F-11D3-BF4B-00C04F79EFBC}") = "AppProject.Web.Tests", "AppProject.Web.Tests\AppProject.Web.Tests.csproj", "{FB435634-EB36-472C-BD8E-1272C04356D8}"
EndProject
Project("{FAE04EC0-301F-11D3-BF4B-00C04F79EFBC}") = "AppProject.Web.Tests.General", "AppProject.Web.Tests.General\AppProject.Web.Tests.General.csproj", "{8454700E-ACB1-4235-A9C7-3670A2A39A7A}"
EndProject
Project("{2150E333-8FDC-42A3-9474-1A3956D46DE8}") = "Itens de Solução", "Itens de Solução", "{380A7511-A354-6D7A-0CC0-8FA1F1BA7B6C}"
	ProjectSection(SolutionItems) = preProject
		Directory.Build.props = Directory.Build.props
	EndProjectSection
EndProject
Project("{FAE04EC0-301F-11D3-BF4B-00C04F79EFBC}") = "AppProject.Core.Infrastructure.AI", "AppProject.Core.Infrastructure.AI\AppProject.Core.Infrastructure.AI.csproj", "{57A9826C-CDFE-4836-BD77-1F01C20DF8F7}"
EndProject
Global
	GlobalSection(SolutionConfigurationPlatforms) = preSolution
		Debug|Any CPU = Debug|Any CPU
		Release|Any CPU = Release|Any CPU
	EndGlobalSection
	GlobalSection(ProjectConfigurationPlatforms) = postSolution
		{FD9AF26B-BB75-46D7-9DE5-67B8F0759C3A}.Debug|Any CPU.ActiveCfg = Debug|Any CPU
		{FD9AF26B-BB75-46D7-9DE5-67B8F0759C3A}.Debug|Any CPU.Build.0 = Debug|Any CPU
		{FD9AF26B-BB75-46D7-9DE5-67B8F0759C3A}.Release|Any CPU.ActiveCfg = Release|Any CPU
		{FD9AF26B-BB75-46D7-9DE5-67B8F0759C3A}.Release|Any CPU.Build.0 = Release|Any CPU
		{5281E4AA-DC1D-48E0-83E0-2764070BA391}.Debug|Any CPU.ActiveCfg = Debug|Any CPU
		{5281E4AA-DC1D-48E0-83E0-2764070BA391}.Debug|Any CPU.Build.0 = Debug|Any CPU
		{5281E4AA-DC1D-48E0-83E0-2764070BA391}.Release|Any CPU.ActiveCfg = Release|Any CPU
		{5281E4AA-DC1D-48E0-83E0-2764070BA391}.Release|Any CPU.Build.0 = Release|Any CPU
		{4C906FE3-7DAD-4887-A7B9-B72F9F1EB4E4}.Debug|Any CPU.ActiveCfg = Debug|Any CPU
		{4C906FE3-7DAD-4887-A7B9-B72F9F1EB4E4}.Debug|Any CPU.Build.0 = Debug|Any CPU
		{4C906FE3-7DAD-4887-A7B9-B72F9F1EB4E4}.Release|Any CPU.ActiveCfg = Release|Any CPU
		{4C906FE3-7DAD-4887-A7B9-B72F9F1EB4E4}.Release|Any CPU.Build.0 = Release|Any CPU
		{155B3096-4804-4E35-B01D-834C7DA28480}.Debug|Any CPU.ActiveCfg = Debug|Any CPU
		{155B3096-4804-4E35-B01D-834C7DA28480}.Debug|Any CPU.Build.0 = Debug|Any CPU
		{155B3096-4804-4E35-B01D-834C7DA28480}.Release|Any CPU.ActiveCfg = Release|Any CPU
		{155B3096-4804-4E35-B01D-834C7DA28480}.Release|Any CPU.Build.0 = Release|Any CPU
		{04402D22-36B0-4148-97DC-4F5279C87365}.Debug|Any CPU.ActiveCfg = Debug|Any CPU
		{04402D22-36B0-4148-97DC-4F5279C87365}.Debug|Any CPU.Build.0 = Debug|Any CPU
		{04402D22-36B0-4148-97DC-4F5279C87365}.Release|Any CPU.ActiveCfg = Release|Any CPU
		{04402D22-36B0-4148-97DC-4F5279C87365}.Release|Any CPU.Build.0 = Release|Any CPU
		{590946FB-11DE-4875-956C-4A82F7C94CD0}.Debug|Any CPU.ActiveCfg = Debug|Any CPU
		{590946FB-11DE-4875-956C-4A82F7C94CD0}.Debug|Any CPU.Build.0 = Debug|Any CPU
		{590946FB-11DE-4875-956C-4A82F7C94CD0}.Release|Any CPU.ActiveCfg = Release|Any CPU
		{590946FB-11DE-4875-956C-4A82F7C94CD0}.Release|Any CPU.Build.0 = Release|Any CPU
		{1ADEA11E-66C3-4F61-9586-68941406CCAC}.Debug|Any CPU.ActiveCfg = Debug|Any CPU
		{1ADEA11E-66C3-4F61-9586-68941406CCAC}.Debug|Any CPU.Build.0 = Debug|Any CPU
		{1ADEA11E-66C3-4F61-9586-68941406CCAC}.Release|Any CPU.ActiveCfg = Release|Any CPU
		{1ADEA11E-66C3-4F61-9586-68941406CCAC}.Release|Any CPU.Build.0 = Release|Any CPU
		{5CEE22CC-038C-48B9-AB41-17B96532AB58}.Debug|Any CPU.ActiveCfg = Debug|Any CPU
		{5CEE22CC-038C-48B9-AB41-17B96532AB58}.Debug|Any CPU.Build.0 = Debug|Any CPU
		{5CEE22CC-038C-48B9-AB41-17B96532AB58}.Release|Any CPU.ActiveCfg = Release|Any CPU
		{5CEE22CC-038C-48B9-AB41-17B96532AB58}.Release|Any CPU.Build.0 = Release|Any CPU
		{92221785-D25D-455F-BD58-ADB281870FBD}.Debug|Any CPU.ActiveCfg = Debug|Any CPU
		{92221785-D25D-455F-BD58-ADB281870FBD}.Debug|Any CPU.Build.0 = Debug|Any CPU
		{92221785-D25D-455F-BD58-ADB281870FBD}.Release|Any CPU.ActiveCfg = Release|Any CPU
		{92221785-D25D-455F-BD58-ADB281870FBD}.Release|Any CPU.Build.0 = Release|Any CPU
		{F94A2CF7-0FEF-47D2-B113-F96AE6F65776}.Debug|Any CPU.ActiveCfg = Debug|Any CPU
		{F94A2CF7-0FEF-47D2-B113-F96AE6F65776}.Debug|Any CPU.Build.0 = Debug|Any CPU
		{F94A2CF7-0FEF-47D2-B113-F96AE6F65776}.Release|Any CPU.ActiveCfg = Release|Any CPU
		{F94A2CF7-0FEF-47D2-B113-F96AE6F65776}.Release|Any CPU.Build.0 = Release|Any CPU
		{77F460FD-FB2A-4BF1-BFD8-88368D81CB4E}.Debug|Any CPU.ActiveCfg = Debug|Any CPU
		{77F460FD-FB2A-4BF1-BFD8-88368D81CB4E}.Debug|Any CPU.Build.0 = Debug|Any CPU
		{77F460FD-FB2A-4BF1-BFD8-88368D81CB4E}.Release|Any CPU.ActiveCfg = Release|Any CPU
		{77F460FD-FB2A-4BF1-BFD8-88368D81CB4E}.Release|Any CPU.Build.0 = Release|Any CPU
		{1BF26140-1794-40AB-8236-CFBB6FD0471A}.Debug|Any CPU.ActiveCfg = Debug|Any CPU
		{1BF26140-1794-40AB-8236-CFBB6FD0471A}.Debug|Any CPU.Build.0 = Debug|Any CPU
		{1BF26140-1794-40AB-8236-CFBB6FD0471A}.Release|Any CPU.ActiveCfg = Release|Any CPU
		{1BF26140-1794-40AB-8236-CFBB6FD0471A}.Release|Any CPU.Build.0 = Release|Any CPU
		{7BEDE7DD-859A-4FAC-8ADC-51434DE37290}.Debug|Any CPU.ActiveCfg = Debug|Any CPU
		{7BEDE7DD-859A-4FAC-8ADC-51434DE37290}.Debug|Any CPU.Build.0 = Debug|Any CPU
		{7BEDE7DD-859A-4FAC-8ADC-51434DE37290}.Release|Any CPU.ActiveCfg = Release|Any CPU
		{7BEDE7DD-859A-4FAC-8ADC-51434DE37290}.Release|Any CPU.Build.0 = Release|Any CPU
		{63E4F108-AF7D-4409-A62A-D6025ED878E7}.Debug|Any CPU.ActiveCfg = Debug|Any CPU
		{63E4F108-AF7D-4409-A62A-D6025ED878E7}.Debug|Any CPU.Build.0 = Debug|Any CPU
		{63E4F108-AF7D-4409-A62A-D6025ED878E7}.Release|Any CPU.ActiveCfg = Release|Any CPU
		{63E4F108-AF7D-4409-A62A-D6025ED878E7}.Release|Any CPU.Build.0 = Release|Any CPU
		{352636EE-DECB-4DD9-8B55-0BF6F305487F}.Debug|Any CPU.ActiveCfg = Debug|Any CPU
		{352636EE-DECB-4DD9-8B55-0BF6F305487F}.Debug|Any CPU.Build.0 = Debug|Any CPU
		{352636EE-DECB-4DD9-8B55-0BF6F305487F}.Release|Any CPU.ActiveCfg = Release|Any CPU
		{352636EE-DECB-4DD9-8B55-0BF6F305487F}.Release|Any CPU.Build.0 = Release|Any CPU
		{E92BC581-D68E-4BCF-BDC8-4529F753EDA8}.Debug|Any CPU.ActiveCfg = Debug|Any CPU
		{E92BC581-D68E-4BCF-BDC8-4529F753EDA8}.Debug|Any CPU.Build.0 = Debug|Any CPU
		{E92BC581-D68E-4BCF-BDC8-4529F753EDA8}.Release|Any CPU.ActiveCfg = Release|Any CPU
		{E92BC581-D68E-4BCF-BDC8-4529F753EDA8}.Release|Any CPU.Build.0 = Release|Any CPU
		{639A5031-5971-4C11-8E73-C8BA72B0BEC8}.Debug|Any CPU.ActiveCfg = Debug|Any CPU
		{639A5031-5971-4C11-8E73-C8BA72B0BEC8}.Debug|Any CPU.Build.0 = Debug|Any CPU
		{639A5031-5971-4C11-8E73-C8BA72B0BEC8}.Release|Any CPU.ActiveCfg = Release|Any CPU
		{639A5031-5971-4C11-8E73-C8BA72B0BEC8}.Release|Any CPU.Build.0 = Release|Any CPU
		{561C6E9D-D45D-46F3-BC8F-03B77A5C8DAD}.Debug|Any CPU.ActiveCfg = Debug|Any CPU
		{561C6E9D-D45D-46F3-BC8F-03B77A5C8DAD}.Debug|Any CPU.Build.0 = Debug|Any CPU
		{561C6E9D-D45D-46F3-BC8F-03B77A5C8DAD}.Release|Any CPU.ActiveCfg = Release|Any CPU
		{561C6E9D-D45D-46F3-BC8F-03B77A5C8DAD}.Release|Any CPU.Build.0 = Release|Any CPU
		{7C564613-69B8-42D6-A9D4-EF709B4A74D7}.Debug|Any CPU.ActiveCfg = Debug|Any CPU
		{7C564613-69B8-42D6-A9D4-EF709B4A74D7}.Debug|Any CPU.Build.0 = Debug|Any CPU
		{7C564613-69B8-42D6-A9D4-EF709B4A74D7}.Release|Any CPU.ActiveCfg = Release|Any CPU
		{7C564613-69B8-42D6-A9D4-EF709B4A74D7}.Release|Any CPU.Build.0 = Release|Any CPU
		{8697E03D-40F1-455A-8080-A382B0F45046}.Debug|Any CPU.ActiveCfg = Debug|Any CPU
		{8697E03D-40F1-455A-8080-A382B0F45046}.Debug|Any CPU.Build.0 = Debug|Any CPU
		{8697E03D-40F1-455A-8080-A382B0F45046}.Release|Any CPU.ActiveCfg = Release|Any CPU
		{8697E03D-40F1-455A-8080-A382B0F45046}.Release|Any CPU.Build.0 = Release|Any CPU
		{889609E5-4327-42EE-A20C-509492D1B870}.Debug|Any CPU.ActiveCfg = Debug|Any CPU
		{889609E5-4327-42EE-A20C-509492D1B870}.Debug|Any CPU.Build.0 = Debug|Any CPU
		{889609E5-4327-42EE-A20C-509492D1B870}.Release|Any CPU.ActiveCfg = Release|Any CPU
		{889609E5-4327-42EE-A20C-509492D1B870}.Release|Any CPU.Build.0 = Release|Any CPU
		{F45A20CB-C60A-415A-A748-01133ECEB05B}.Debug|Any CPU.ActiveCfg = Debug|Any CPU
		{F45A20CB-C60A-415A-A748-01133ECEB05B}.Debug|Any CPU.Build.0 = Debug|Any CPU
		{F45A20CB-C60A-415A-A748-01133ECEB05B}.Release|Any CPU.ActiveCfg = Release|Any CPU
		{F45A20CB-C60A-415A-A748-01133ECEB05B}.Release|Any CPU.Build.0 = Release|Any CPU
		{7BE63715-F547-4AF9-B1B5-5427AEE8BFA7}.Debug|Any CPU.ActiveCfg = Debug|Any CPU
		{7BE63715-F547-4AF9-B1B5-5427AEE8BFA7}.Debug|Any CPU.Build.0 = Debug|Any CPU
		{7BE63715-F547-4AF9-B1B5-5427AEE8BFA7}.Release|Any CPU.ActiveCfg = Release|Any CPU
		{7BE63715-F547-4AF9-B1B5-5427AEE8BFA7}.Release|Any CPU.Build.0 = Release|Any CPU
		{A03E9F17-EA56-43C6-B3AE-BB02A0FDA2C5}.Debug|Any CPU.ActiveCfg = Debug|Any CPU
		{A03E9F17-EA56-43C6-B3AE-BB02A0FDA2C5}.Debug|Any CPU.Build.0 = Debug|Any CPU
		{A03E9F17-EA56-43C6-B3AE-BB02A0FDA2C5}.Release|Any CPU.ActiveCfg = Release|Any CPU
		{A03E9F17-EA56-43C6-B3AE-BB02A0FDA2C5}.Release|Any CPU.Build.0 = Release|Any CPU
		{FB435634-EB36-472C-BD8E-1272C04356D8}.Debug|Any CPU.ActiveCfg = Debug|Any CPU
		{FB435634-EB36-472C-BD8E-1272C04356D8}.Debug|Any CPU.Build.0 = Debug|Any CPU
		{FB435634-EB36-472C-BD8E-1272C04356D8}.Release|Any CPU.ActiveCfg = Release|Any CPU
		{FB435634-EB36-472C-BD8E-1272C04356D8}.Release|Any CPU.Build.0 = Release|Any CPU
		{8454700E-ACB1-4235-A9C7-3670A2A39A7A}.Debug|Any CPU.ActiveCfg = Debug|Any CPU
		{8454700E-ACB1-4235-A9C7-3670A2A39A7A}.Debug|Any CPU.Build.0 = Debug|Any CPU
		{8454700E-ACB1-4235-A9C7-3670A2A39A7A}.Release|Any CPU.ActiveCfg = Release|Any CPU
		{8454700E-ACB1-4235-A9C7-3670A2A39A7A}.Release|Any CPU.Build.0 = Release|Any CPU
		{57A9826C-CDFE-4836-BD77-1F01C20DF8F7}.Debug|Any CPU.ActiveCfg = Debug|Any CPU
		{57A9826C-CDFE-4836-BD77-1F01C20DF8F7}.Debug|Any CPU.Build.0 = Debug|Any CPU
		{57A9826C-CDFE-4836-BD77-1F01C20DF8F7}.Release|Any CPU.ActiveCfg = Release|Any CPU
		{57A9826C-CDFE-4836-BD77-1F01C20DF8F7}.Release|Any CPU.Build.0 = Release|Any CPU
	EndGlobalSection
	GlobalSection(SolutionProperties) = preSolution
		HideSolutionNode = FALSE
	EndGlobalSection
	GlobalSection(NestedProjects) = preSolution
		{FD9AF26B-BB75-46D7-9DE5-67B8F0759C3A} = {02EA681E-C7D8-13C7-8484-4AC65E1B71E8}
		{5281E4AA-DC1D-48E0-83E0-2764070BA391} = {02EA681E-C7D8-13C7-8484-4AC65E1B71E8}
		{4C906FE3-7DAD-4887-A7B9-B72F9F1EB4E4} = {02EA681E-C7D8-13C7-8484-4AC65E1B71E8}
		{155B3096-4804-4E35-B01D-834C7DA28480} = {02EA681E-C7D8-13C7-8484-4AC65E1B71E8}
		{D362F85F-F696-47EC-B402-FFE05FB3CC85} = {864FA5E9-3F47-477E-B36B-CDB283BC2064}
		{36F549EE-715A-4605-80EB-8005D1B136BA} = {864FA5E9-3F47-477E-B36B-CDB283BC2064}
		{B4F2E49D-94F4-4418-9A17-5888D6520DDC} = {864FA5E9-3F47-477E-B36B-CDB283BC2064}
		{F7648B66-6BED-459F-956B-FC94E3990CD8} = {864FA5E9-3F47-477E-B36B-CDB283BC2064}
		{A3530CA9-7E71-4AAF-ADA2-9AC1883D5D21} = {864FA5E9-3F47-477E-B36B-CDB283BC2064}
		{04402D22-36B0-4148-97DC-4F5279C87365} = {D362F85F-F696-47EC-B402-FFE05FB3CC85}
		{590946FB-11DE-4875-956C-4A82F7C94CD0} = {D362F85F-F696-47EC-B402-FFE05FB3CC85}
		{1ADEA11E-66C3-4F61-9586-68941406CCAC} = {36F549EE-715A-4605-80EB-8005D1B136BA}
		{5CEE22CC-038C-48B9-AB41-17B96532AB58} = {B4F2E49D-94F4-4418-9A17-5888D6520DDC}
		{92221785-D25D-455F-BD58-ADB281870FBD} = {B4F2E49D-94F4-4418-9A17-5888D6520DDC}
		{F94A2CF7-0FEF-47D2-B113-F96AE6F65776} = {B4F2E49D-94F4-4418-9A17-5888D6520DDC}
		{77F460FD-FB2A-4BF1-BFD8-88368D81CB4E} = {A3530CA9-7E71-4AAF-ADA2-9AC1883D5D21}
		{1BF26140-1794-40AB-8236-CFBB6FD0471A} = {F7648B66-6BED-459F-956B-FC94E3990CD8}
		{7BEDE7DD-859A-4FAC-8ADC-51434DE37290} = {F7648B66-6BED-459F-956B-FC94E3990CD8}
		{63E4F108-AF7D-4409-A62A-D6025ED878E7} = {A3530CA9-7E71-4AAF-ADA2-9AC1883D5D21}
		{B74EBBEB-DAF4-4C4C-BA3A-580FA13E0F6A} = {1BD1E4CB-1C6D-4326-B700-1E3516926C38}
		{FE2B4ED5-2A05-4C11-84DF-B32F2ECE4A69} = {1BD1E4CB-1C6D-4326-B700-1E3516926C38}
		{DDDC4DE0-E3FE-4013-A91F-99CD996CFC3E} = {1BD1E4CB-1C6D-4326-B700-1E3516926C38}
		{B06C2726-F12E-4B49-9EB2-3402B6A9E98F} = {1BD1E4CB-1C6D-4326-B700-1E3516926C38}
		{352636EE-DECB-4DD9-8B55-0BF6F305487F} = {B74EBBEB-DAF4-4C4C-BA3A-580FA13E0F6A}
		{E92BC581-D68E-4BCF-BDC8-4529F753EDA8} = {B74EBBEB-DAF4-4C4C-BA3A-580FA13E0F6A}
		{639A5031-5971-4C11-8E73-C8BA72B0BEC8} = {FE2B4ED5-2A05-4C11-84DF-B32F2ECE4A69}
		{561C6E9D-D45D-46F3-BC8F-03B77A5C8DAD} = {FE2B4ED5-2A05-4C11-84DF-B32F2ECE4A69}
		{7C564613-69B8-42D6-A9D4-EF709B4A74D7} = {DDDC4DE0-E3FE-4013-A91F-99CD996CFC3E}
		{8697E03D-40F1-455A-8080-A382B0F45046} = {B06C2726-F12E-4B49-9EB2-3402B6A9E98F}
		{889609E5-4327-42EE-A20C-509492D1B870} = {B06C2726-F12E-4B49-9EB2-3402B6A9E98F}
		{F45A20CB-C60A-415A-A748-01133ECEB05B} = {B06C2726-F12E-4B49-9EB2-3402B6A9E98F}
		{7BE63715-F547-4AF9-B1B5-5427AEE8BFA7} = {A75B10E3-874F-4DB1-BBA1-0D682C8B3583}
		{A03E9F17-EA56-43C6-B3AE-BB02A0FDA2C5} = {A75B10E3-874F-4DB1-BBA1-0D682C8B3583}
		{FB435634-EB36-472C-BD8E-1272C04356D8} = {A75B10E3-874F-4DB1-BBA1-0D682C8B3583}
		{8454700E-ACB1-4235-A9C7-3670A2A39A7A} = {A75B10E3-874F-4DB1-BBA1-0D682C8B3583}
		{57A9826C-CDFE-4836-BD77-1F01C20DF8F7} = {B4F2E49D-94F4-4418-9A17-5888D6520DDC}
	EndGlobalSection
	GlobalSection(ExtensibilityGlobals) = postSolution
		SolutionGuid = {638A464D-0045-43E6-8EFE-35B96EE1C9A8}
	EndGlobalSection
EndGlobal
